PODS:
  - FlutterMacOS (1.0.0)
  - status_bar_macos (0.0.1):
    - FlutterMacOS

DEPENDENCIES:
  - FlutterMacOS (from `Flutter/ephemeral`)
  - status_bar_macos (from `Flutter/ephemeral/.symlinks/plugins/status_bar_macos/macos`)

EXTERNAL SOURCES:
  FlutterMacOS:
    :path: Flutter/ephemeral
  status_bar_macos:
    :path: Flutter/ephemeral/.symlinks/plugins/status_bar_macos/macos

SPEC CHECKSUMS:
  FlutterMacOS: 57701585bf7de1b3fc2bb61f6378d73bbdea8424
  status_bar_macos: 8b692ba693f28db399c759230b92ad14bab011c4

PODFILE CHECKSUM: 6eac6b3292e5142cfc23bdeb71848a40ec51c14c

COCOAPODS: 1.10.1
